
Microsoft Visual Studio Solution File, Format Version 12.00
# Visual Studio Version 17
VisualStudioVersion = 17.13.35806.99
MinimumVisualStudioVersion = 10.0.40219.1
Project("{FAE04EC0-301F-11D3-BF4B-00C04F79EFBC}") = "API", "API\API.csproj", "{E5B60A20-C594-42AB-954D-66E8CB65EF89}"
EndProject
Project("{FAE04EC0-301F-11D3-BF4B-00C04F79EFBC}") = "BLL", "BLL\BLL.csproj", "{7ED5B6EC-5B87-463D-9C26-F029FA2FC506}"
EndProject
Project("{FAE04EC0-301F-11D3-BF4B-00C04F79EFBC}") = "DAL", "DAL\DAL.csproj", "{CC76B49C-DF86-4C3B-A183-EE839735C9A1}"
EndProject
Project("{FAE04EC0-301F-11D3-BF4B-00C04F79EFBC}") = "Models", "Models\Models.csproj", "{F337F69A-3B65-4537-A95A-4C75E63CF071}"
EndProject
Project("{FAE04EC0-301F-11D3-BF4B-00C04F79EFBC}") = "Utilities", "Utilities\Utilities.csproj", "{8738ABA4-8C21-4E70-9F9C-15CA72391684}"
EndProject
Global
	GlobalSection(SolutionConfigurationPlatforms) = preSolution
		Debug|Any CPU = Debug|Any CPU
		Release|Any CPU = Release|Any CPU
	EndGlobalSection
	GlobalSection(ProjectConfigurationPlatforms) = postSolution
		{E5B60A20-C594-42AB-954D-66E8CB65EF89}.Debug|Any CPU.ActiveCfg = Debug|Any CPU
		{E5B60A20-C594-42AB-954D-66E8CB65EF89}.Debug|Any CPU.Build.0 = Debug|Any CPU
		{E5B60A20-C594-42AB-954D-66E8CB65EF89}.Release|Any CPU.ActiveCfg = Release|Any CPU
		{E5B60A20-C594-42AB-954D-66E8CB65EF89}.Release|Any CPU.Build.0 = Release|Any CPU
		{7ED5B6EC-5B87-463D-9C26-F029FA2FC506}.Debug|Any CPU.ActiveCfg = Debug|Any CPU
		{7ED5B6EC-5B87-463D-9C26-F029FA2FC506}.Debug|Any CPU.Build.0 = Debug|Any CPU
		{7ED5B6EC-5B87-463D-9C26-F029FA2FC506}.Release|Any CPU.ActiveCfg = Release|Any CPU
		{7ED5B6EC-5B87-463D-9C26-F029FA2FC506}.Release|Any CPU.Build.0 = Release|Any CPU
		{CC76B49C-DF86-4C3B-A183-EE839735C9A1}.Debug|Any CPU.ActiveCfg = Debug|Any CPU
		{CC76B49C-DF86-4C3B-A183-EE839735C9A1}.Debug|Any CPU.Build.0 = Debug|Any CPU
		{CC76B49C-DF86-4C3B-A183-EE839735C9A1}.Release|Any CPU.ActiveCfg = Release|Any CPU
		{CC76B49C-DF86-4C3B-A183-EE839735C9A1}.Release|Any CPU.Build.0 = Release|Any CPU
		{F337F69A-3B65-4537-A95A-4C75E63CF071}.Debug|Any CPU.ActiveCfg = Debug|Any CPU
		{F337F69A-3B65-4537-A95A-4C75E63CF071}.Debug|Any CPU.Build.0 = Debug|Any CPU
		{F337F69A-3B65-4537-A95A-4C75E63CF071}.Release|Any CPU.ActiveCfg = Release|Any CPU
		{F337F69A-3B65-4537-A95A-4C75E63CF071}.Release|Any CPU.Build.0 = Release|Any CPU
		{8738ABA4-8C21-4E70-9F9C-15CA72391684}.Debug|Any CPU.ActiveCfg = Debug|Any CPU
		{8738ABA4-8C21-4E70-9F9C-15CA72391684}.Debug|Any CPU.Build.0 = Debug|Any CPU
		{8738ABA4-8C21-4E70-9F9C-15CA72391684}.Release|Any CPU.ActiveCfg = Release|Any CPU
		{8738ABA4-8C21-4E70-9F9C-15CA72391684}.Release|Any CPU.Build.0 = Release|Any CPU
	EndGlobalSection
	GlobalSection(SolutionProperties) = preSolution
		HideSolutionNode = FALSE
	EndGlobalSection
	GlobalSection(ExtensibilityGlobals) = postSolution
		SolutionGuid = {A33D2719-6257-44A8-BC0B-AF24114D36BA}
	EndGlobalSection
EndGlobal
